
Microsoft Visual Studio Solution File, Format Version 12.00
# Visual Studio Version 16
VisualStudioVersion = 16.0.33328.57
MinimumVisualStudioVersion = 10.0.40219.1
Project("{8BC9CEB8-8B4A-11D0-8D11-00A0C91BC942}") = "twainsave-opensource", "twainsave-opensource.vcxproj", "{77CD0083-5623-4B16-AF18-3F4597FA849C}"
	ProjectSection(ProjectDependencies) = postProject
		{39C0A01F-B0C7-427C-B658-E2442F54C19E} = {39C0A01F-B0C7-427C-B658-E2442F54C19E}
	EndProjectSection
EndProject
Project("{8BC9CEB8-8B4A-11D0-8D11-00A0C91BC942}") = "cpp_wrapper_lib", "cpp_wrapper_lib\cpp_wrapper_lib.vcxproj", "{39C0A01F-B0C7-427C-B658-E2442F54C19E}"
EndProject
Global
	GlobalSection(SolutionConfigurationPlatforms) = preSolution
		Debug|x64 = Debug|x64
		Debug|x86 = Debug|x86
		Release|x64 = Release|x64
		Release|x86 = Release|x86
		Win32_DTWAINDLL_D|x64 = Win32_DTWAINDLL_D|x64
		Win32_DTWAINDLL_D|x86 = Win32_DTWAINDLL_D|x86
		Win32_DTWAINDLL_U_D|x64 = Win32_DTWAINDLL_U_D|x64
		Win32_DTWAINDLL_U_D|x86 = Win32_DTWAINDLL_U_D|x86
		Win32_DTWAINDLL_U|x64 = Win32_DTWAINDLL_U|x64
		Win32_DTWAINDLL_U|x86 = Win32_DTWAINDLL_U|x86
		Win32_DTWAINDLL|x64 = Win32_DTWAINDLL|x64
		Win32_DTWAINDLL|x86 = Win32_DTWAINDLL|x86
		Win64_DTWAINDLL_D|x64 = Win64_DTWAINDLL_D|x64
		Win64_DTWAINDLL_D|x86 = Win64_DTWAINDLL_D|x86
		Win64_DTWAINDLL_U_D|x64 = Win64_DTWAINDLL_U_D|x64
		Win64_DTWAINDLL_U_D|x86 = Win64_DTWAINDLL_U_D|x86
		Win64_DTWAINDLL_U|x64 = Win64_DTWAINDLL_U|x64
		Win64_DTWAINDLL_U|x86 = Win64_DTWAINDLL_U|x86
		Win64_DTWAINDLL|x64 = Win64_DTWAINDLL|x64
		Win64_DTWAINDLL|x86 = Win64_DTWAINDLL|x86
	EndGlobalSection
	GlobalSection(ProjectConfigurationPlatforms) = postSolution
		{77CD0083-5623-4B16-AF18-3F4597FA849C}.Debug|x64.ActiveCfg = Debug|x64
		{77CD0083-5623-4B16-AF18-3F4597FA849C}.Debug|x64.Build.0 = Debug|x64
		{77CD0083-5623-4B16-AF18-3F4597FA849C}.Debug|x86.ActiveCfg = Debug|Win32
		{77CD0083-5623-4B16-AF18-3F4597FA849C}.Debug|x86.Build.0 = Debug|Win32
		{77CD0083-5623-4B16-AF18-3F4597FA849C}.Release|x64.ActiveCfg = Release|x64
		{77CD0083-5623-4B16-AF18-3F4597FA849C}.Release|x64.Build.0 = Release|x64
		{77CD0083-5623-4B16-AF18-3F4597FA849C}.Release|x86.ActiveCfg = Release|Win32
		{77CD0083-5623-4B16-AF18-3F4597FA849C}.Release|x86.Build.0 = Release|Win32
		{77CD0083-5623-4B16-AF18-3F4597FA849C}.Win32_DTWAINDLL_D|x64.ActiveCfg = Release|x64
		{77CD0083-5623-4B16-AF18-3F4597FA849C}.Win32_DTWAINDLL_D|x64.Build.0 = Release|x64
		{77CD0083-5623-4B16-AF18-3F4597FA849C}.Win32_DTWAINDLL_D|x86.ActiveCfg = Release|Win32
		{77CD0083-5623-4B16-AF18-3F4597FA849C}.Win32_DTWAINDLL_D|x86.Build.0 = Release|Win32
		{77CD0083-5623-4B16-AF18-3F4597FA849C}.Win32_DTWAINDLL_U_D|x64.ActiveCfg = Release|x64
		{77CD0083-5623-4B16-AF18-3F4597FA849C}.Win32_DTWAINDLL_U_D|x64.Build.0 = Release|x64
		{77CD0083-5623-4B16-AF18-3F4597FA849C}.Win32_DTWAINDLL_U_D|x86.ActiveCfg = Release|Win32
		{77CD0083-5623-4B16-AF18-3F4597FA849C}.Win32_DTWAINDLL_U_D|x86.Build.0 = Release|Win32
		{77CD0083-5623-4B16-AF18-3F4597FA849C}.Win32_DTWAINDLL_U|x64.ActiveCfg = Release|x64
		{77CD0083-5623-4B16-AF18-3F4597FA849C}.Win32_DTWAINDLL_U|x64.Build.0 = Release|x64
		{77CD0083-5623-4B16-AF18-3F4597FA849C}.Win32_DTWAINDLL_U|x86.ActiveCfg = Release|Win32
		{77CD0083-5623-4B16-AF18-3F4597FA849C}.Win32_DTWAINDLL_U|x86.Build.0 = Release|Win32
		{77CD0083-5623-4B16-AF18-3F4597FA849C}.Win32_DTWAINDLL|x64.ActiveCfg = Release|x64
		{77CD0083-5623-4B16-AF18-3F4597FA849C}.Win32_DTWAINDLL|x64.Build.0 = Release|x64
		{77CD0083-5623-4B16-AF18-3F4597FA849C}.Win32_DTWAINDLL|x86.ActiveCfg = Release|Win32
		{77CD0083-5623-4B16-AF18-3F4597FA849C}.Win32_DTWAINDLL|x86.Build.0 = Release|Win32
		{77CD0083-5623-4B16-AF18-3F4597FA849C}.Win64_DTWAINDLL_D|x64.ActiveCfg = Release|x64
		{77CD0083-5623-4B16-AF18-3F4597FA849C}.Win64_DTWAINDLL_D|x64.Build.0 = Release|x64
		{77CD0083-5623-4B16-AF18-3F4597FA849C}.Win64_DTWAINDLL_D|x86.ActiveCfg = Release|Win32
		{77CD0083-5623-4B16-AF18-3F4597FA849C}.Win64_DTWAINDLL_D|x86.Build.0 = Release|Win32
		{77CD0083-5623-4B16-AF18-3F4597FA849C}.Win64_DTWAINDLL_U_D|x64.ActiveCfg = Release|x64
		{77CD0083-5623-4B16-AF18-3F4597FA849C}.Win64_DTWAINDLL_U_D|x64.Build.0 = Release|x64
		{77CD0083-5623-4B16-AF18-3F4597FA849C}.Win64_DTWAINDLL_U_D|x86.ActiveCfg = Release|Win32
		{77CD0083-5623-4B16-AF18-3F4597FA849C}.Win64_DTWAINDLL_U_D|x86.Build.0 = Release|Win32
		{77CD0083-5623-4B16-AF18-3F4597FA849C}.Win64_DTWAINDLL_U|x64.ActiveCfg = Release|x64
		{77CD0083-5623-4B16-AF18-3F4597FA849C}.Win64_DTWAINDLL_U|x64.Build.0 = Release|x64
		{77CD0083-5623-4B16-AF18-3F4597FA849C}.Win64_DTWAINDLL_U|x86.ActiveCfg = Release|Win32
		{77CD0083-5623-4B16-AF18-3F4597FA849C}.Win64_DTWAINDLL_U|x86.Build.0 = Release|Win32
		{77CD0083-5623-4B16-AF18-3F4597FA849C}.Win64_DTWAINDLL|x64.ActiveCfg = Release|x64
		{77CD0083-5623-4B16-AF18-3F4597FA849C}.Win64_DTWAINDLL|x64.Build.0 = Release|x64
		{77CD0083-5623-4B16-AF18-3F4597FA849C}.Win64_DTWAINDLL|x86.ActiveCfg = Release|Win32
		{77CD0083-5623-4B16-AF18-3F4597FA849C}.Win64_DTWAINDLL|x86.Build.0 = Release|Win32
		{39C0A01F-B0C7-427C-B658-E2442F54C19E}.Debug|x64.ActiveCfg = Win64_DTWAINDLL_U_D|x64
		{39C0A01F-B0C7-427C-B658-E2442F54C19E}.Debug|x64.Build.0 = Win64_DTWAINDLL_U_D|x64
		{39C0A01F-B0C7-427C-B658-E2442F54C19E}.Debug|x86.ActiveCfg = Win32_DTWAINDLL_U_D|Win32
		{39C0A01F-B0C7-427C-B658-E2442F54C19E}.Debug|x86.Build.0 = Win32_DTWAINDLL_U_D|Win32
		{39C0A01F-B0C7-427C-B658-E2442F54C19E}.Release|x64.ActiveCfg = Win64_DTWAINDLL_U|x64
		{39C0A01F-B0C7-427C-B658-E2442F54C19E}.Release|x64.Build.0 = Win64_DTWAINDLL_U|x64
		{39C0A01F-B0C7-427C-B658-E2442F54C19E}.Release|x86.ActiveCfg = Win32_DTWAINDLL_U|Win32
		{39C0A01F-B0C7-427C-B658-E2442F54C19E}.Release|x86.Build.0 = Win32_DTWAINDLL_U|Win32
		{39C0A01F-B0C7-427C-B658-E2442F54C19E}.Win32_DTWAINDLL_D|x64.ActiveCfg = Win32_DTWAINDLL_D|Win32
		{39C0A01F-B0C7-427C-B658-E2442F54C19E}.Win32_DTWAINDLL_D|x86.ActiveCfg = Win32_DTWAINDLL_D|Win32
		{39C0A01F-B0C7-427C-B658-E2442F54C19E}.Win32_DTWAINDLL_D|x86.Build.0 = Win32_DTWAINDLL_D|Win32
		{39C0A01F-B0C7-427C-B658-E2442F54C19E}.Win32_DTWAINDLL_U_D|x64.ActiveCfg = Win32_DTWAINDLL_U_D|Win32
		{39C0A01F-B0C7-427C-B658-E2442F54C19E}.Win32_DTWAINDLL_U_D|x86.ActiveCfg = Win32_DTWAINDLL_U_D|Win32
		{39C0A01F-B0C7-427C-B658-E2442F54C19E}.Win32_DTWAINDLL_U_D|x86.Build.0 = Win32_DTWAINDLL_U_D|Win32
		{39C0A01F-B0C7-427C-B658-E2442F54C19E}.Win32_DTWAINDLL_U|x64.ActiveCfg = Win32_DTWAINDLL_U|Win32
		{39C0A01F-B0C7-427C-B658-E2442F54C19E}.Win32_DTWAINDLL_U|x86.ActiveCfg = Win32_DTWAINDLL_U|Win32
		{39C0A01F-B0C7-427C-B658-E2442F54C19E}.Win32_DTWAINDLL_U|x86.Build.0 = Win32_DTWAINDLL_U|Win32
		{39C0A01F-B0C7-427C-B658-E2442F54C19E}.Win32_DTWAINDLL|x64.ActiveCfg = Win32_DTWAINDLL|Win32
		{39C0A01F-B0C7-427C-B658-E2442F54C19E}.Win32_DTWAINDLL|x86.ActiveCfg = Win32_DTWAINDLL|Win32
		{39C0A01F-B0C7-427C-B658-E2442F54C19E}.Win32_DTWAINDLL|x86.Build.0 = Win32_DTWAINDLL|Win32
		{39C0A01F-B0C7-427C-B658-E2442F54C19E}.Win64_DTWAINDLL_D|x64.ActiveCfg = Win64_DTWAINDLL_D|x64
		{39C0A01F-B0C7-427C-B658-E2442F54C19E}.Win64_DTWAINDLL_D|x64.Build.0 = Win64_DTWAINDLL_D|x64
		{39C0A01F-B0C7-427C-B658-E2442F54C19E}.Win64_DTWAINDLL_D|x86.ActiveCfg = Win64_DTWAINDLL_D|x64
		{39C0A01F-B0C7-427C-B658-E2442F54C19E}.Win64_DTWAINDLL_U_D|x64.ActiveCfg = Win64_DTWAINDLL_U_D|x64
		{39C0A01F-B0C7-427C-B658-E2442F54C19E}.Win64_DTWAINDLL_U_D|x64.Build.0 = Win64_DTWAINDLL_U_D|x64
		{39C0A01F-B0C7-427C-B658-E2442F54C19E}.Win64_DTWAINDLL_U_D|x86.ActiveCfg = Win64_DTWAINDLL_U_D|x64
		{39C0A01F-B0C7-427C-B658-E2442F54C19E}.Win64_DTWAINDLL_U|x64.ActiveCfg = Win64_DTWAINDLL_U|x64
		{39C0A01F-B0C7-427C-B658-E2442F54C19E}.Win64_DTWAINDLL_U|x64.Build.0 = Win64_DTWAINDLL_U|x64
		{39C0A01F-B0C7-427C-B658-E2442F54C19E}.Win64_DTWAINDLL_U|x86.ActiveCfg = Win64_DTWAINDLL_U|x64
		{39C0A01F-B0C7-427C-B658-E2442F54C19E}.Win64_DTWAINDLL|x64.ActiveCfg = Win64_DTWAINDLL|x64
		{39C0A01F-B0C7-427C-B658-E2442F54C19E}.Win64_DTWAINDLL|x64.Build.0 = Win64_DTWAINDLL|x64
		{39C0A01F-B0C7-427C-B658-E2442F54C19E}.Win64_DTWAINDLL|x86.ActiveCfg = Win64_DTWAINDLL|x64
	EndGlobalSection
	GlobalSection(SolutionProperties) = preSolution
		HideSolutionNode = FALSE
	EndGlobalSection
	GlobalSection(ExtensibilityGlobals) = postSolution
		SolutionGuid = {A910BBB4-41E6-4496-8D94-EBE1FFF46560}
	EndGlobalSection
EndGlobal
